
Microsoft Visual Studio Solution File, Format Version 12.00
# Visual Studio 15
VisualStudioVersion = 15.0.26124.0
MinimumVisualStudioVersion = 15.0.26124.0
Project("{FAE04EC0-301F-11D3-BF4B-00C04F79EFBC}") = "Linux.Theming.BackgroundGenerator", "Linux.Theming.BackgroundGenerator\Linux.Theming.BackgroundGenerator.csproj", "{D2F59F91-A708-4509-986B-EAF3AA4D4542}"
EndProject
Project("{FAE04EC0-301F-11D3-BF4B-00C04F79EFBC}") = "Linux.Theming.BackgroundGenerator.Tests", "Linux.Theming.BackgroundGenerator.Tests\Linux.Theming.BackgroundGenerator.Tests.csproj", "{FAF97469-3392-4119-9AF5-473FF7152B6F}"
EndProject
Global
	GlobalSection(SolutionProperties) = preSolution
		HideSolutionNode = FALSE
	EndGlobalSection
	GlobalSection(SolutionConfigurationPlatforms) = preSolution
		Debug|Any CPU = Debug|Any CPU
		Debug|x64 = Debug|x64
		Debug|x86 = Debug|x86
		Release|Any CPU = Release|Any CPU
		Release|x64 = Release|x64
		Release|x86 = Release|x86
	EndGlobalSection
	GlobalSection(ProjectConfigurationPlatforms) = postSolution
		{D2F59F91-A708-4509-986B-EAF3AA4D4542}.Debug|Any CPU.ActiveCfg = Debug|Any CPU
		{D2F59F91-A708-4509-986B-EAF3AA4D4542}.Debug|Any CPU.Build.0 = Debug|Any CPU
		{D2F59F91-A708-4509-986B-EAF3AA4D4542}.Debug|x64.ActiveCfg = Debug|Any CPU
		{D2F59F91-A708-4509-986B-EAF3AA4D4542}.Debug|x64.Build.0 = Debug|Any CPU
		{D2F59F91-A708-4509-986B-EAF3AA4D4542}.Debug|x86.ActiveCfg = Debug|Any CPU
		{D2F59F91-A708-4509-986B-EAF3AA4D4542}.Debug|x86.Build.0 = Debug|Any CPU
		{D2F59F91-A708-4509-986B-EAF3AA4D4542}.Release|Any CPU.ActiveCfg = Release|Any CPU
		{D2F59F91-A708-4509-986B-EAF3AA4D4542}.Release|Any CPU.Build.0 = Release|Any CPU
		{D2F59F91-A708-4509-986B-EAF3AA4D4542}.Release|x64.ActiveCfg = Release|Any CPU
		{D2F59F91-A708-4509-986B-EAF3AA4D4542}.Release|x64.Build.0 = Release|Any CPU
		{D2F59F91-A708-4509-986B-EAF3AA4D4542}.Release|x86.ActiveCfg = Release|Any CPU
		{D2F59F91-A708-4509-986B-EAF3AA4D4542}.Release|x86.Build.0 = Release|Any CPU
		{FAF97469-3392-4119-9AF5-473FF7152B6F}.Debug|Any CPU.ActiveCfg = Debug|Any CPU
		{FAF97469-3392-4119-9AF5-473FF7152B6F}.Debug|Any CPU.Build.0 = Debug|Any CPU
		{FAF97469-3392-4119-9AF5-473FF7152B6F}.Debug|x64.ActiveCfg = Debug|Any CPU
		{FAF97469-3392-4119-9AF5-473FF7152B6F}.Debug|x64.Build.0 = Debug|Any CPU
		{FAF97469-3392-4119-9AF5-473FF7152B6F}.Debug|x86.ActiveCfg = Debug|Any CPU
		{FAF97469-3392-4119-9AF5-473FF7152B6F}.Debug|x86.Build.0 = Debug|Any CPU
		{FAF97469-3392-4119-9AF5-473FF7152B6F}.Release|Any CPU.ActiveCfg = Release|Any CPU
		{FAF97469-3392-4119-9AF5-473FF7152B6F}.Release|Any CPU.Build.0 = Release|Any CPU
		{FAF97469-3392-4119-9AF5-473FF7152B6F}.Release|x64.ActiveCfg = Release|Any CPU
		{FAF97469-3392-4119-9AF5-473FF7152B6F}.Release|x64.Build.0 = Release|Any CPU
		{FAF97469-3392-4119-9AF5-473FF7152B6F}.Release|x86.ActiveCfg = Release|Any CPU
		{FAF97469-3392-4119-9AF5-473FF7152B6F}.Release|x86.Build.0 = Release|Any CPU
	EndGlobalSection
EndGlobal
